{
    "requires": true,
    "lockfileVersion": 1,
    "dependencies": {
        "core-js": {
            "version": "3.6.5",
            "resolved": "https://registry.npmjs.org/core-js/-/core-js-3.6.5.tgz",
            "integrity": "sha512-vZVEEwZoIsI+vPEuoF9Iqf5H7/M3eeQqWlQnYa8FSKKePuYTf5MWnxb5SDAzCa60b3JBRS5g9b+Dq7b1y/RCrA=="
        },
        "object-path": {
            "version": "0.11.4",
            "resolved": "https://registry.npmjs.org/object-path/-/object-path-0.11.4.tgz",
            "integrity": "sha1-NwrnUvvzfePqcKhhwju6iRVpGUk="
        },
        "vue-class-component": {
            "version": "7.2.3",
            "resolved": "https://registry.npmjs.org/vue-class-component/-/vue-class-component-7.2.3.tgz",
            "integrity": "sha512-oEqYpXKaFN+TaXU+mRLEx8dX0ah85aAJEe61mpdoUrq0Bhe/6sWhyZX1JjMQLhVsHAkncyhedhmCdDVSasUtDw=="
        },
        "vue-property-decorator": {
            "version": "8.4.1",
            "resolved": "https://registry.npmjs.org/vue-property-decorator/-/vue-property-decorator-8.4.1.tgz",
            "integrity": "sha512-8R4Us7DxFO0rwAL/2fv6vaZL8Oa4n/HGanHODYGTcvQHwT0FYJr9UuuFm2GoWAIXQu1mDO03HNeHswFp9vmTVA==",
            "requires": {
                "vue-class-component": "^7.1.0"
            }
        },
        "vuejs-datatable": {
            "version": "2.0.0-alpha.7",
            "resolved": "https://registry.npmjs.org/vuejs-datatable/-/vuejs-datatable-2.0.0-alpha.7.tgz",
            "integrity": "sha512-zV6bi1cJUAATJpQCz5Xnm8R/UBH+4f2IV2SQqHD2THX5gMkPHmI1ngovoo/Gqp2UU1g7Rhf/56ugV4vlqQ7Jwg==",
            "requires": {
                "core-js": "^3.2.1",
                "object-path": "^0.11.4",
                "vue-property-decorator": "^8.2.2"
            }
        }
    }
}
